# This file was autogenerated by Stack.
# You should not edit this file by hand.
# For more information, please see the documentation at:
#   https://docs.haskellstack.org/en/stable/lock_files

packages:
- completed:
    cabal-file:
      size: 1164
      sha256: 43cf0fcbf3e2297e1b7b4b243c722d6e9ce39857549a1c323563ec7793592d73
    name: mecab
    version: 0.4.0
    git: https://github.com/aiya000/hsmecab
    pantry-tree:
      size: 455
      sha256: 4d6b0a1354d0ab549dc83ad27b6b2b8e517915febfe72dd63c2f2a9598cb61b1
    commit: 40b990637fe10d0a9911b26df1c2b91deb152c6e
  original:
    git: https://github.com/aiya000/hsmecab
    commit: 40b990637fe10d0a9911b26df1c2b91deb152c6e
- completed:
    cabal-file:
      size: 1028
      sha256: bced2fe687fac99382f4ff9fd87c2fba90ad381c4a6dae7e167c8323f661dd59
    name: twi-high
    version: 0.1.0.0
    git: https://github.com/aiya000/hs-twi-high
    pantry-tree:
      size: 540
      sha256: 730a14655ec668ac651b682834513131b45758c11658ea5d00cb76caf9616a83
    commit: f6ef989fa6994f8d396da2a777e88b497aba9b2c
  original:
    git: https://github.com/aiya000/hs-twi-high
    commit: f6ef989fa6994f8d396da2a777e88b497aba9b2c
- completed:
    cabal-file:
      size: 1229
      sha256: 6330bc54c753f2a71ed4ac0ff16ea29ecda1f4ebc70d85298699404cf82cffe3
    name: sentence-jp
    version: 0.1.0.0
    git: https://github.com/aiya000/hs-sentence-jp
    pantry-tree:
      size: 654
      sha256: 21d0d0cb347b4b9ee4660aa3657c42032eb9f2257d4e1b3e518d3f9f51fc294b
    commit: f9ae60679f75c5e2db34ae6d70d0f4943196b8fa
  original:
    git: https://github.com/aiya000/hs-sentence-jp
    commit: f9ae60679f75c5e2db34ae6d70d0f4943196b8fa
snapshots:
- completed:
    size: 525662
    url: https://raw.githubusercontent.com/commercialhaskell/stackage-snapshots/master/lts/14/15.yaml
    sha256: c5e673e5723931b64ef2eb5004f6d9ea3c95b58d48388dbc4de6f66b97c81f7a
  original: lts-14.15
